
Microsoft Visual Studio Solution File, Format Version 12.00
# Visual Studio Version 17
VisualStudioVersion = 17.8.34316.72
MinimumVisualStudioVersion = 10.0.40219.1
Project("{8BC9CEB8-8B4A-11D0-8D11-00A0C91BC942}") = "BOJ_3028", "BOJ_3028\BOJ_3028.vcxproj", "{74666FEB-5625-4E18-8207-B7F7477A576D}"
EndProject
Global
	GlobalSection(SolutionConfigurationPlatforms) = preSolution
		Debug|x64 = Debug|x64
		Release|x64 = Release|x64
	EndGlobalSection
	GlobalSection(ProjectConfigurationPlatforms) = postSolution
		{74666FEB-5625-4E18-8207-B7F7477A576D}.Debug|x64.ActiveCfg = Debug|x64
		{74666FEB-5625-4E18-8207-B7F7477A576D}.Debug|x64.Build.0 = Debug|x64
		{74666FEB-5625-4E18-8207-B7F7477A576D}.Release|x64.ActiveCfg = Release|x64
		{74666FEB-5625-4E18-8207-B7F7477A576D}.Release|x64.Build.0 = Release|x64
	EndGlobalSection
	GlobalSection(SolutionProperties) = preSolution
		HideSolutionNode = FALSE
	EndGlobalSection
	GlobalSection(ExtensibilityGlobals) = postSolution
		SolutionGuid = {CEC8F4A3-9B31-4E17-94C7-110B9B840BFB}
	EndGlobalSection
EndGlobal
